// !$*UTF8*$!
{
	archiveVersion = 1;
	classes = {
	};
	objectVersion = 50;
	objects = {

/* Begin PBXBuildFile section */
		001A3DCE220D5D5D005D81A4 /* AppDelegate.swift in Sources */ = {isa = PBXBuildFile; fileRef = 001A3DCD220D5D5D005D81A4 /* AppDelegate.swift */; };
		001A3DD0220D5D5D005D81A4 /* ViewController.swift in Sources */ = {isa = PBXBuildFile; fileRef = 001A3DCF220D5D5D005D81A4 /* ViewController.swift */; };
		001A3DD3220D5D5D005D81A4 /* Main.storyboard in Resources */ = {isa = PBXBuildFile; fileRef = 001A3DD1220D5D5D005D81A4 /* Main.storyboard */; };
		001A3DD6220D5D5D005D81A4 /* CodablePractice.xcdatamodeld in Sources */ = {isa = PBXBuildFile; fileRef = 001A3DD4220D5D5D005D81A4 /* CodablePractice.xcdatamodeld */; };
		001A3DD8220D5D5E005D81A4 /* Assets.xcassets in Resources */ = {isa = PBXBuildFile; fileRef = 001A3DD7220D5D5E005D81A4 /* Assets.xcassets */; };
		001A3DDB220D5D5E005D81A4 /* LaunchScreen.storyboard in Resources */ = {isa = PBXBuildFile; fileRef = 001A3DD9220D5D5E005D81A4 /* LaunchScreen.storyboard */; };
		001A3DE6220D5D5E005D81A4 /* CodablePracticeTests.swift in Sources */ = {isa = PBXBuildFile; fileRef = 001A3DE5220D5D5E005D81A4 /* CodablePracticeTests.swift */; };
		001A3DF1220D5D5E005D81A4 /* CodablePracticeUITests.swift in Sources */ = {isa = PBXBuildFile; fileRef = 001A3DF0220D5D5E005D81A4 /* CodablePracticeUITests.swift */; };
/* End PBXBuildFile section */

/* Begin PBXContainerItemProxy section */
		001A3DE2220D5D5E005D81A4 /* PBXContainerItemProxy */ = {
			isa = PBXContainerItemProxy;
			containerPortal = 001A3DC2220D5D5D005D81A4 /* Project object */;
			proxyType = 1;
			remoteGlobalIDString = 001A3DC9220D5D5D005D81A4;
			remoteInfo = CodablePractice;
		};
		001A3DED220D5D5E005D81A4 /* PBXContainerItemProxy */ = {
			isa = PBXContainerItemProxy;
			containerPortal = 001A3DC2220D5D5D005D81A4 /* Project object */;
			proxyType = 1;
			remoteGlobalIDString = 001A3DC9220D5D5D005D81A4;
			remoteInfo = CodablePractice;
		};
/* End PBXContainerItemProxy section */

/* Begin PBXFileReference section */
		001A3DCA220D5D5D005D81A4 /* CodablePractice.app */ = {isa = PBXFileReference; explicitFileType = wrapper.application; includeInIndex = 0; path = CodablePractice.app; sourceTree = BUILT_PRODUCTS_DIR; };
		001A3DCD220D5D5D005D81A4 /* AppDelegate.swift */ = {isa = PBXFileReference; lastKnownFileType = sourcecode.swift; path = AppDelegate.swift; sourceTree = "<group>"; };
		001A3DCF220D5D5D005D81A4 /* ViewController.swift */ = {isa = PBXFileReference; lastKnownFileType = sourcecode.swift; path = ViewController.swift; sourceTree = "<group>"; };
		001A3DD2220D5D5D005D81A4 /* Base */ = {isa = PBXFileReference; lastKnownFileType = file.storyboard; name = Base; path = Base.lproj/Main.storyboard; sourceTree = "<group>"; };
		001A3DD5220D5D5D005D81A4 /* CodablePractice.xcdatamodel */ = {isa = PBXFileReference; lastKnownFileType = wrapper.xcdatamodel; path = CodablePractice.xcdatamodel; sourceTree = "<group>"; };
		001A3DD7220D5D5E005D81A4 /* Assets.xcassets */ = {isa = PBXFileReference; lastKnownFileType = folder.assetcatalog; path = Assets.xcassets; sourceTree = "<group>"; };
		001A3DDA220D5D5E005D81A4 /* Base */ = {isa = PBXFileReference; lastKnownFileType = file.storyboard; name = Base; path = Base.lproj/LaunchScreen.storyboard; sourceTree = "<group>"; };
		001A3DDC220D5D5E005D81A4 /* Info.plist */ = {isa = PBXFileReference; lastKnownFileType = text.plist.xml; path = Info.plist; sourceTree = "<group>"; };
		001A3DE1220D5D5E005D81A4 /* CodablePracticeTests.xctest */ = {isa = PBXFileReference; explicitFileType = wrapper.cfbundle; includeInIndex = 0; path = CodablePracticeTests.xctest; sourceTree = BUILT_PRODUCTS_DIR; };
		001A3DE5220D5D5E005D81A4 /* CodablePracticeTests.swift */ = {isa = PBXFileReference; lastKnownFileType = sourcecode.swift; path = CodablePracticeTests.swift; sourceTree = "<group>"; };
		001A3DE7220D5D5E005D81A4 /* Info.plist */ = {isa = PBXFileReference; lastKnownFileType = text.plist.xml; path = Info.plist; sourceTree = "<group>"; };
		001A3DEC220D5D5E005D81A4 /* CodablePracticeUITests.xctest */ = {isa = PBXFileReference; explicitFileType = wrapper.cfbundle; includeInIndex = 0; path = CodablePracticeUITests.xctest; sourceTree = BUILT_PRODUCTS_DIR; };
		001A3DF0220D5D5E005D81A4 /* CodablePracticeUITests.swift */ = {isa = PBXFileReference; lastKnownFileType = sourcecode.swift; path = CodablePracticeUITests.swift; sourceTree = "<group>"; };
		001A3DF2220D5D5E005D81A4 /* Info.plist */ = {isa = PBXFileReference; lastKnownFileType = text.plist.xml; path = Info.plist; sourceTree = "<group>"; };
/* End PBXFileReference section */

/* Begin PBXFrameworksBuildPhase section */
		001A3DC7220D5D5D005D81A4 /* Frameworks */ = {
			isa = PBXFrameworksBuildPhase;
			buildActionMask = 2147483647;
			files = (
			);
			runOnlyForDeploymentPostprocessing = 0;
		};
		001A3DDE220D5D5E005D81A4 /* Frameworks */ = {
			isa = PBXFrameworksBuildPhase;
			buildActionMask = 2147483647;
			files = (
			);
			runOnlyForDeploymentPostprocessing = 0;
		};
		001A3DE9220D5D5E005D81A4 /* Frameworks */ = {
			isa = PBXFrameworksBuildPhase;
			buildActionMask = 2147483647;
			files = (
			);
			runOnlyForDeploymentPostprocessing = 0;
		};
/* End PBXFrameworksBuildPhase section */

/* Begin PBXGroup section */
		001A3DC1220D5D5D005D81A4 = {
			isa = PBXGroup;
			children = (
				001A3DCC220D5D5D005D81A4 /* CodablePractice */,
				001A3DE4220D5D5E005D81A4 /* CodablePracticeTests */,
				001A3DEF220D5D5E005D81A4 /* CodablePracticeUITests */,
				001A3DCB220D5D5D005D81A4 /* Products */,
			);
			sourceTree = "<group>";
		};
		001A3DCB220D5D5D005D81A4 /* Products */ = {
			isa = PBXGroup;
			children = (
				001A3DCA220D5D5D005D81A4 /* CodablePractice.app */,
				001A3DE1220D5D5E005D81A4 /* CodablePracticeTests.xctest */,
				001A3DEC220D5D5E005D81A4 /* CodablePracticeUITests.xctest */,
			);
			name = Products;
			sourceTree = "<group>";
		};
		001A3DCC220D5D5D005D81A4 /* CodablePractice */ = {
			isa = PBXGroup;
			children = (
				001A3DCD220D5D5D005D81A4 /* AppDelegate.swift */,
				001A3DCF220D5D5D005D81A4 /* ViewController.swift */,
				001A3DD1220D5D5D005D81A4 /* Main.storyboard */,
				001A3DD7220D5D5E005D81A4 /* Assets.xcassets */,
				001A3DD9220D5D5E005D81A4 /* LaunchScreen.storyboard */,
				001A3DDC220D5D5E005D81A4 /* Info.plist */,
				001A3DD4220D5D5D005D81A4 /* CodablePractice.xcdatamodeld */,
			);
			path = CodablePractice;
			sourceTree = "<group>";
		};
		001A3DE4220D5D5E005D81A4 /* CodablePracticeTests */ = {
			isa = PBXGroup;
			children = (
				001A3DE5220D5D5E005D81A4 /* CodablePracticeTests.swift */,
				001A3DE7220D5D5E005D81A4 /* Info.plist */,
			);
			path = CodablePracticeTests;
			sourceTree = "<group>";
		};
		001A3DEF220D5D5E005D81A4 /* CodablePracticeUITests */ = {
			isa = PBXGroup;
			children = (
				001A3DF0220D5D5E005D81A4 /* CodablePracticeUITests.swift */,
				001A3DF2220D5D5E005D81A4 /* Info.plist */,
			);
			path = CodablePracticeUITests;
			sourceTree = "<group>";
		};
/* End PBXGroup section */

/* Begin PBXNativeTarget section */
		001A3DC9220D5D5D005D81A4 /* CodablePractice */ = {
			isa = PBXNativeTarget;
			buildConfigurationList = 001A3DF5220D5D5E005D81A4 /* Build configuration list for PBXNativeTarget "CodablePractice" */;
			buildPhases = (
				001A3DC6220D5D5D005D81A4 /* Sources */,
				001A3DC7220D5D5D005D81A4 /* Frameworks */,
				001A3DC8220D5D5D005D81A4 /* Resources */,
			);
			buildRules = (
			);
			dependencies = (
			);
			name = CodablePractice;
			productName = CodablePractice;
			productReference = 001A3DCA220D5D5D005D81A4 /* CodablePractice.app */;
			productType = "com.apple.product-type.application";
		};
		001A3DE0220D5D5E005D81A4 /* CodablePracticeTests */ = {
			isa = PBXNativeTarget;
			buildConfigurationList = 001A3DF8220D5D5E005D81A4 /* Build configuration list for PBXNativeTarget "CodablePracticeTests" */;
			buildPhases = (
				001A3DDD220D5D5E005D81A4 /* Sources */,
				001A3DDE220D5D5E005D81A4 /* Frameworks */,
				001A3DDF220D5D5E005D81A4 /* Resources */,
			);
			buildRules = (
			);
			dependencies = (
				001A3DE3220D5D5E005D81A4 /* PBXTargetDependency */,
			);
			name = CodablePracticeTests;
			productName = CodablePracticeTests;
			productReference = 001A3DE1220D5D5E005D81A4 /* CodablePracticeTests.xctest */;
			productType = "com.apple.product-type.bundle.unit-test";
		};
		001A3DEB220D5D5E005D81A4 /* CodablePracticeUITests */ = {
			isa = PBXNativeTarget;
			buildConfigurationList = 001A3DFB220D5D5E005D81A4 /* Build configuration list for PBXNativeTarget "CodablePracticeUITests" */;
			buildPhases = (
				001A3DE8220D5D5E005D81A4 /* Sources */,
				001A3DE9220D5D5E005D81A4 /* Frameworks */,
				001A3DEA220D5D5E005D81A4 /* Resources */,
			);
			buildRules = (
			);
			dependencies = (
				001A3DEE220D5D5E005D81A4 /* PBXTargetDependency */,
			);
			name = CodablePracticeUITests;
			productName = CodablePracticeUITests;
			productReference = 001A3DEC220D5D5E005D81A4 /* CodablePracticeUITests.xctest */;
			productType = "com.apple.product-type.bundle.ui-testing";
		};
/* End PBXNativeTarget section */

/* Begin PBXProject section */
		001A3DC2220D5D5D005D81A4 /* Project object */ = {
			isa = PBXProject;
			attributes = {
				LastSwiftUpdateCheck = 1010;
				LastUpgradeCheck = 1010;
				ORGANIZATIONNAME = "이재은";
				TargetAttributes = {
					001A3DC9220D5D5D005D81A4 = {
						CreatedOnToolsVersion = 10.1;
					};
					001A3DE0220D5D5E005D81A4 = {
						CreatedOnToolsVersion = 10.1;
						TestTargetID = 001A3DC9220D5D5D005D81A4;
					};
					001A3DEB220D5D5E005D81A4 = {
						CreatedOnToolsVersion = 10.1;
						TestTargetID = 001A3DC9220D5D5D005D81A4;
					};
				};
			};
			buildConfigurationList = 001A3DC5220D5D5D005D81A4 /* Build configuration list for PBXProject "CodablePractice" */;
			compatibilityVersion = "Xcode 9.3";
			developmentRegion = en;
			hasScannedForEncodings = 0;
			knownRegions = (
				en,
				Base,
			);
			mainGroup = 001A3DC1220D5D5D005D81A4;
			productRefGroup = 001A3DCB220D5D5D005D81A4 /* Products */;
			projectDirPath = "";
			projectRoot = "";
			targets = (
				001A3DC9220D5D5D005D81A4 /* CodablePractice */,
				001A3DE0220D5D5E005D81A4 /* CodablePracticeTests */,
				001A3DEB220D5D5E005D81A4 /* CodablePracticeUITests */,
			);
		};
/* End PBXProject section */

/* Begin PBXResourcesBuildPhase section */
		001A3DC8220D5D5D005D81A4 /* Resources */ = {
			isa = PBXResourcesBuildPhase;
			buildActionMask = 2147483647;
			files = (
				001A3DDB220D5D5E005D81A4 /* LaunchScreen.storyboard in Resources */,
				001A3DD8220D5D5E005D81A4 /* Assets.xcassets in Resources */,
				001A3DD3220D5D5D005D81A4 /* Main.storyboard in Resources */,
			);
			runOnlyForDeploymentPostprocessing = 0;
		};
		001A3DDF220D5D5E005D81A4 /* Resources */ = {
			isa = PBXResourcesBuildPhase;
			buildActionMask = 2147483647;
			files = (
			);
			runOnlyForDeploymentPostprocessing = 0;
		};
		001A3DEA220D5D5E005D81A4 /* Resources */ = {
			isa = PBXResourcesBuildPhase;
			buildActionMask = 2147483647;
			files = (
			);
			runOnlyForDeploymentPostprocessing = 0;
		};
/* End PBXResourcesBuildPhase section */

/* Begin PBXSourcesBuildPhase section */
		001A3DC6220D5D5D005D81A4 /* Sources */ = {
			isa = PBXSourcesBuildPhase;
			buildActionMask = 2147483647;
			files = (
				001A3DD6220D5D5D005D81A4 /* CodablePractice.xcdatamodeld in Sources */,
				001A3DD0220D5D5D005D81A4 /* ViewController.swift in Sources */,
				001A3DCE220D5D5D005D81A4 /* AppDelegate.swift in Sources */,
			);
			runOnlyForDeploymentPostprocessing = 0;
		};
		001A3DDD220D5D5E005D81A4 /* Sources */ = {
			isa = PBXSourcesBuildPhase;
			buildActionMask = 2147483647;
			files = (
				001A3DE6220D5D5E005D81A4 /* CodablePracticeTests.swift in Sources */,
			);
			runOnlyForDeploymentPostprocessing = 0;
		};
		001A3DE8220D5D5E005D81A4 /* Sources */ = {
			isa = PBXSourcesBuildPhase;
			buildActionMask = 2147483647;
			files = (
				001A3DF1220D5D5E005D81A4 /* CodablePracticeUITests.swift in Sources */,
			);
			runOnlyForDeploymentPostprocessing = 0;
		};
/* End PBXSourcesBuildPhase section */

/* Begin PBXTargetDependency section */
		001A3DE3220D5D5E005D81A4 /* PBXTargetDependency */ = {
			isa = PBXTargetDependency;
			target = 001A3DC9220D5D5D005D81A4 /* CodablePractice */;
			targetProxy = 001A3DE2220D5D5E005D81A4 /* PBXContainerItemProxy */;
		};
		001A3DEE220D5D5E005D81A4 /* PBXTargetDependency */ = {
			isa = PBXTargetDependency;
			target = 001A3DC9220D5D5D005D81A4 /* CodablePractice */;
			targetProxy = 001A3DED220D5D5E005D81A4 /* PBXContainerItemProxy */;
		};
/* End PBXTargetDependency section */

/* Begin PBXVariantGroup section */
		001A3DD1220D5D5D005D81A4 /* Main.storyboard */ = {
			isa = PBXVariantGroup;
			children = (
				001A3DD2220D5D5D005D81A4 /* Base */,
			);
			name = Main.storyboard;
			sourceTree = "<group>";
		};
		001A3DD9220D5D5E005D81A4 /* LaunchScreen.storyboard */ = {
			isa = PBXVariantGroup;
			children = (
				001A3DDA220D5D5E005D81A4 /* Base */,
			);
			name = LaunchScreen.storyboard;
			sourceTree = "<group>";
		};
/* End PBXVariantGroup section */

/* Begin XCBuildConfiguration section */
		001A3DF3220D5D5E005D81A4 /* Debug */ = {
			isa = XCBuildConfiguration;
			buildSettings = {
				ALWAYS_SEARCH_USER_PATHS = NO;
				CLANG_ANALYZER_NONNULL = YES;
				CLANG_ANALYZER_NUMBER_OBJECT_CONVERSION = YES_AGGRESSIVE;
				CLANG_CXX_LANGUAGE_STANDARD = "gnu++14";
				CLANG_CXX_LIBRARY = "libc++";
				CLANG_ENABLE_MODULES = YES;
				CLANG_ENABLE_OBJC_ARC = YES;
				CLANG_ENABLE_OBJC_WEAK = YES;
				CLANG_WARN_BLOCK_CAPTURE_AUTORELEASING = YES;
				CLANG_WARN_BOOL_CONVERSION = YES;
				CLANG_WARN_COMMA = YES;
				CLANG_WARN_CONSTANT_CONVERSION = YES;
				CLANG_WARN_DEPRECATED_OBJC_IMPLEMENTATIONS = YES;
				CLANG_WARN_DIRECT_OBJC_ISA_USAGE = YES_ERROR;
				CLANG_WARN_DOCUMENTATION_COMMENTS = YES;
				CLANG_WARN_EMPTY_BODY = YES;
				CLANG_WARN_ENUM_CONVERSION = YES;
				CLANG_WARN_INFINITE_RECURSION = YES;
				CLANG_WARN_INT_CONVERSION = YES;
				CLANG_WARN_NON_LITERAL_NULL_CONVERSION = YES;
				CLANG_WARN_OBJC_IMPLICIT_RETAIN_SELF = YES;
				CLANG_WARN_OBJC_LITERAL_CONVERSION = YES;
				CLANG_WARN_OBJC_ROOT_CLASS = YES_ERROR;
				CLANG_WARN_RANGE_LOOP_ANALYSIS = YES;
				CLANG_WARN_STRICT_PROTOTYPES = YES;
				CLANG_WARN_SUSPICIOUS_MOVE = YES;
				CLANG_WARN_UNGUARDED_AVAILABILITY = YES_AGGRESSIVE;
				CLANG_WARN_UNREACHABLE_CODE = YES;
				CLANG_WARN__DUPLICATE_METHOD_MATCH = YES;
				CODE_SIGN_IDENTITY = "iPhone Developer";
				COPY_PHASE_STRIP = NO;
				DEBUG_INFORMATION_FORMAT = dwarf;
				ENABLE_STRICT_OBJC_MSGSEND = YES;
				ENABLE_TESTABILITY = YES;
				GCC_C_LANGUAGE_STANDARD = gnu11;
				GCC_DYNAMIC_NO_PIC = NO;
				GCC_NO_COMMON_BLOCKS = YES;
				GCC_OPTIMIZATION_LEVEL = 0;
				GCC_PREPROCESSOR_DEFINITIONS = (
					"DEBUG=1",
					"$(inherited)",
				);
				GCC_WARN_64_TO_32_BIT_CONVERSION = YES;
				GCC_WARN_ABOUT_RETURN_TYPE = YES_ERROR;
				GCC_WARN_UNDECLARED_SELECTOR = YES;
				GCC_WARN_UNINITIALIZED_AUTOS = YES_AGGRESSIVE;
				GCC_WARN_UNUSED_FUNCTION = YES;
				GCC_WARN_UNUSED_VARIABLE = YES;
				IPHONEOS_DEPLOYMENT_TARGET = 12.1;
				MTL_ENABLE_DEBUG_INFO = INCLUDE_SOURCE;
				MTL_FAST_MATH = YES;
				ONLY_ACTIVE_ARCH = YES;
				SDKROOT = iphoneos;
				SWIFT_ACTIVE_COMPILATION_CONDITIONS = DEBUG;
				SWIFT_OPTIMIZATION_LEVEL = "-Onone";
			};
			name = Debug;
		};
		001A3DF4220D5D5E005D81A4 /* Release */ = {
			isa = XCBuildConfiguration;
			buildSettings = {
				ALWAYS_SEARCH_USER_PATHS = NO;
				CLANG_ANALYZER_NONNULL = YES;
				CLANG_ANALYZER_NUMBER_OBJECT_CONVERSION = YES_AGGRESSIVE;
				CLANG_CXX_LANGUAGE_STANDARD = "gnu++14";
				CLANG_CXX_LIBRARY = "libc++";
				CLANG_ENABLE_MODULES = YES;
				CLANG_ENABLE_OBJC_ARC = YES;
				CLANG_ENABLE_OBJC_WEAK = YES;
				CLANG_WARN_BLOCK_CAPTURE_AUTORELEASING = YES;
				CLANG_WARN_BOOL_CONVERSION = YES;
				CLANG_WARN_COMMA = YES;
				CLANG_WARN_CONSTANT_CONVERSION = YES;
				CLANG_WARN_DEPRECATED_OBJC_IMPLEMENTATIONS = YES;
				CLANG_WARN_DIRECT_OBJC_ISA_USAGE = YES_ERROR;
				CLANG_WARN_DOCUMENTATION_COMMENTS = YES;
				CLANG_WARN_EMPTY_BODY = YES;
				CLANG_WARN_ENUM_CONVERSION = YES;
				CLANG_WARN_INFINITE_RECURSION = YES;
				CLANG_WARN_INT_CONVERSION = YES;
				CLANG_WARN_NON_LITERAL_NULL_CONVERSION = YES;
				CLANG_WARN_OBJC_IMPLICIT_RETAIN_SELF = YES;
				CLANG_WARN_OBJC_LITERAL_CONVERSION = YES;
				CLANG_WARN_OBJC_ROOT_CLASS = YES_ERROR;
				CLANG_WARN_RANGE_LOOP_ANALYSIS = YES;
				CLANG_WARN_STRICT_PROTOTYPES = YES;
				CLANG_WARN_SUSPICIOUS_MOVE = YES;
				CLANG_WARN_UNGUARDED_AVAILABILITY = YES_AGGRESSIVE;
				CLANG_WARN_UNREACHABLE_CODE = YES;
				CLANG_WARN__DUPLICATE_METHOD_MATCH = YES;
				CODE_SIGN_IDENTITY = "iPhone Developer";
				COPY_PHASE_STRIP = NO;
				DEBUG_INFORMATION_FORMAT = "dwarf-with-dsym";
				ENABLE_NS_ASSERTIONS = NO;
				ENABLE_STRICT_OBJC_MSGSEND = YES;
				GCC_C_LANGUAGE_STANDARD = gnu11;
				GCC_NO_COMMON_BLOCKS = YES;
				GCC_WARN_64_TO_32_BIT_CONVERSION = YES;
				GCC_WARN_ABOUT_RETURN_TYPE = YES_ERROR;
				GCC_WARN_UNDECLARED_SELECTOR = YES;
				GCC_WARN_UNINITIALIZED_AUTOS = YES_AGGRESSIVE;
				GCC_WARN_UNUSED_FUNCTION = YES;
				GCC_WARN_UNUSED_VARIABLE = YES;
				IPHONEOS_DEPLOYMENT_TARGET = 12.1;
				MTL_ENABLE_DEBUG_INFO = NO;
				MTL_FAST_MATH = YES;
				SDKROOT = iphoneos;
				SWIFT_COMPILATION_MODE = wholemodule;
				SWIFT_OPTIMIZATION_LEVEL = "-O";
				VALIDATE_PRODUCT = YES;
			};
			name = Release;
		};
		001A3DF6220D5D5E005D81A4 /* Debug */ = {
			isa = XCBuildConfiguration;
			buildSettings = {
				ASSETCATALOG_COMPILER_APPICON_NAME = AppIcon;
				CODE_SIGN_STYLE = Automatic;
				DEVELOPMENT_TEAM = R78643UTJ5;
				INFOPLIST_FILE = CodablePractice/Info.plist;
				LD_RUNPATH_SEARCH_PATHS = (
					"$(inherited)",
					"@executable_path/Frameworks",
				);
				PRODUCT_BUNDLE_IDENTIFIER = kr.ac.swu.cd.CodablePractice;
				PRODUCT_NAME = "$(TARGET_NAME)";
				SWIFT_VERSION = 4.2;
				TARGETED_DEVICE_FAMILY = "1,2";
			};
			name = Debug;
		};
		001A3DF7220D5D5E005D81A4 /* Release */ = {
			isa = XCBuildConfiguration;
			buildSettings = {
				ASSETCATALOG_COMPILER_APPICON_NAME = AppIcon;
				CODE_SIGN_STYLE = Automatic;
				DEVELOPMENT_TEAM = R78643UTJ5;
				INFOPLIST_FILE = CodablePractice/Info.plist;
				LD_RUNPATH_SEARCH_PATHS = (
					"$(inherited)",
					"@executable_path/Frameworks",
				);
				PRODUCT_BUNDLE_IDENTIFIER = kr.ac.swu.cd.CodablePractice;
				PRODUCT_NAME = "$(TARGET_NAME)";
				SWIFT_VERSION = 4.2;
				TARGETED_DEVICE_FAMILY = "1,2";
			};
			name = Release;
		};
		001A3DF9220D5D5E005D81A4 /* Debug */ = {
			isa = XCBuildConfiguration;
			buildSettings = {
				ALWAYS_EMBED_SWIFT_STANDARD_LIBRARIES = YES;
				BUNDLE_LOADER = "$(TEST_HOST)";
				CODE_SIGN_STYLE = Automatic;
				DEVELOPMENT_TEAM = R78643UTJ5;
				INFOPLIST_FILE = CodablePracticeTests/Info.plist;
				LD_RUNPATH_SEARCH_PATHS = (
					"$(inherited)",
					"@executable_path/Frameworks",
					"@loader_path/Frameworks",
				);
				PRODUCT_BUNDLE_IDENTIFIER = kr.ac.swu.cd.CodablePracticeTests;
				PRODUCT_NAME = "$(TARGET_NAME)";
				SWIFT_VERSION = 4.2;
				TARGETED_DEVICE_FAMILY = "1,2";
				TEST_HOST = "$(BUILT_PRODUCTS_DIR)/CodablePractice.app/CodablePractice";
			};
			name = Debug;
		};
		001A3DFA220D5D5E005D81A4 /* Release */ = {
			isa = XCBuildConfiguration;
			buildSettings = {
				ALWAYS_EMBED_SWIFT_STANDARD_LIBRARIES = YES;
				BUNDLE_LOADER = "$(TEST_HOST)";
				CODE_SIGN_STYLE = Automatic;
				DEVELOPMENT_TEAM = R78643UTJ5;
				INFOPLIST_FILE = CodablePracticeTests/Info.plist;
				LD_RUNPATH_SEARCH_PATHS = (
					"$(inherited)",
					"@executable_path/Frameworks",
					"@loader_path/Frameworks",
				);
				PRODUCT_BUNDLE_IDENTIFIER = kr.ac.swu.cd.CodablePracticeTests;
				PRODUCT_NAME = "$(TARGET_NAME)";
				SWIFT_VERSION = 4.2;
				TARGETED_DEVICE_FAMILY = "1,2";
				TEST_HOST = "$(BUILT_PRODUCTS_DIR)/CodablePractice.app/CodablePractice";
			};
			name = Release;
		};
		001A3DFC220D5D5E005D81A4 /* Debug */ = {
			isa = XCBuildConfiguration;
			buildSettings = {
				ALWAYS_EMBED_SWIFT_STANDARD_LIBRARIES = YES;
				CODE_SIGN_STYLE = Automatic;
				DEVELOPMENT_TEAM = R78643UTJ5;
				INFOPLIST_FILE = CodablePracticeUITests/Info.plist;
				LD_RUNPATH_SEARCH_PATHS = (
					"$(inherited)",
					"@executable_path/Frameworks",
					"@loader_path/Frameworks",
				);
				PRODUCT_BUNDLE_IDENTIFIER = kr.ac.swu.cd.CodablePracticeUITests;
				PRODUCT_NAME = "$(TARGET_NAME)";
				SWIFT_VERSION = 4.2;
				TARGETED_DEVICE_FAMILY = "1,2";
				TEST_TARGET_NAME = CodablePractice;
			};
			name = Debug;
		};
		001A3DFD220D5D5E005D81A4 /* Release */ = {
			isa = XCBuildConfiguration;
			buildSettings = {
				ALWAYS_EMBED_SWIFT_STANDARD_LIBRARIES = YES;
				CODE_SIGN_STYLE = Automatic;
				DEVELOPMENT_TEAM = R78643UTJ5;
				INFOPLIST_FILE = CodablePracticeUITests/Info.plist;
				LD_RUNPATH_SEARCH_PATHS = (
					"$(inherited)",
					"@executable_path/Frameworks",
					"@loader_path/Frameworks",
				);
				PRODUCT_BUNDLE_IDENTIFIER = kr.ac.swu.cd.CodablePracticeUITests;
				PRODUCT_NAME = "$(TARGET_NAME)";
				SWIFT_VERSION = 4.2;
				TARGETED_DEVICE_FAMILY = "1,2";
				TEST_TARGET_NAME = CodablePractice;
			};
			name = Release;
		};
/* End XCBuildConfiguration section */

/* Begin XCConfigurationList section */
		001A3DC5220D5D5D005D81A4 /* Build configuration list for PBXProject "CodablePractice" */ = {
			isa = XCConfigurationList;
			buildConfigurations = (
				001A3DF3220D5D5E005D81A4 /* Debug */,
				001A3DF4220D5D5E005D81A4 /* Release */,
			);
			defaultConfigurationIsVisible = 0;
			defaultConfigurationName = Release;
		};
		001A3DF5220D5D5E005D81A4 /* Build configuration list for PBXNativeTarget "CodablePractice" */ = {
			isa = XCConfigurationList;
			buildConfigurations = (
				001A3DF6220D5D5E005D81A4 /* Debug */,
				001A3DF7220D5D5E005D81A4 /* Release */,
			);
			defaultConfigurationIsVisible = 0;
			defaultConfigurationName = Release;
		};
		001A3DF8220D5D5E005D81A4 /* Build configuration list for PBXNativeTarget "CodablePracticeTests" */ = {
			isa = XCConfigurationList;
			buildConfigurations = (
				001A3DF9220D5D5E005D81A4 /* Debug */,
				001A3DFA220D5D5E005D81A4 /* Release */,
			);
			defaultConfigurationIsVisible = 0;
			defaultConfigurationName = Release;
		};
		001A3DFB220D5D5E005D81A4 /* Build configuration list for PBXNativeTarget "CodablePracticeUITests" */ = {
			isa = XCConfigurationList;
			buildConfigurations = (
				001A3DFC220D5D5E005D81A4 /* Debug */,
				001A3DFD220D5D5E005D81A4 /* Release */,
			);
			defaultConfigurationIsVisible = 0;
			defaultConfigurationName = Release;
		};
/* End XCConfigurationList section */

/* Begin XCVersionGroup section */
		001A3DD4220D5D5D005D81A4 /* CodablePractice.xcdatamodeld */ = {
			isa = XCVersionGroup;
			children = (
				001A3DD5220D5D5D005D81A4 /* CodablePractice.xcdatamodel */,
			);
			currentVersion = 001A3DD5220D5D5D005D81A4 /* CodablePractice.xcdatamodel */;
			path = CodablePractice.xcdatamodeld;
			sourceTree = "<group>";
			versionGroupType = wrapper.xcdatamodel;
		};
/* End XCVersionGroup section */
	};
	rootObject = 001A3DC2220D5D5D005D81A4 /* Project object */;
}
